// !$*UTF8*$!
{
	archiveVersion = 1;
	classes = {
	};
	objectVersion = 55;
	objects = {

/* Begin PBXBuildFile section */
		CE46BAFE282B488300ACF098 /* TweetService.swift in Sources */ = {isa = PBXBuildFile; fileRef = CE46BAFD282B488300ACF098 /* TweetService.swift */; };
		CE46BB01282B494400ACF098 /* SDWebImage in Frameworks */ = {isa = PBXBuildFile; productRef = CE46BB00282B494400ACF098 /* SDWebImage */; };
		CE46BB04282B497E00ACF098 /* FirebaseAuth in Frameworks */ = {isa = PBXBuildFile; productRef = CE46BB03282B497E00ACF098 /* FirebaseAuth */; };
		CE46BB06282B497E00ACF098 /* FirebaseDatabase in Frameworks */ = {isa = PBXBuildFile; productRef = CE46BB05282B497E00ACF098 /* FirebaseDatabase */; };
		CE46BB08282B497E00ACF098 /* FirebaseFirestore in Frameworks */ = {isa = PBXBuildFile; productRef = CE46BB07282B497E00ACF098 /* FirebaseFirestore */; };
		CE46BB0A282B497E00ACF098 /* FirebaseStorage in Frameworks */ = {isa = PBXBuildFile; productRef = CE46BB09282B497E00ACF098 /* FirebaseStorage */; };
		CE46BB0D282C695A00ACF098 /* Tweet.swift in Sources */ = {isa = PBXBuildFile; fileRef = CE46BB0C282C695A00ACF098 /* Tweet.swift */; };
		CE46BB0F282C737B00ACF098 /* TweetCell.swift in Sources */ = {isa = PBXBuildFile; fileRef = CE46BB0E282C737B00ACF098 /* TweetCell.swift */; };
		CE46BB82282F231700ACF098 /* TweetViewModel.swift in Sources */ = {isa = PBXBuildFile; fileRef = CE46BB81282F231700ACF098 /* TweetViewModel.swift */; };
		CE46BB84282F30F600ACF098 /* UserProfileController.swift in Sources */ = {isa = PBXBuildFile; fileRef = CE46BB83282F30F500ACF098 /* UserProfileController.swift */; };
		CE643D312824176C003988A3 /* AppDelegate.swift in Sources */ = {isa = PBXBuildFile; fileRef = CE643D302824176C003988A3 /* AppDelegate.swift */; };
		CE643D332824176C003988A3 /* SceneDelegate.swift in Sources */ = {isa = PBXBuildFile; fileRef = CE643D322824176C003988A3 /* SceneDelegate.swift */; };
		CE643D3A2824176E003988A3 /* Assets.xcassets in Resources */ = {isa = PBXBuildFile; fileRef = CE643D392824176E003988A3 /* Assets.xcassets */; };
		CE643D3D2824176E003988A3 /* LaunchScreen.storyboard in Resources */ = {isa = PBXBuildFile; fileRef = CE643D3B2824176E003988A3 /* LaunchScreen.storyboard */; };
		CE643D57282418EA003988A3 /* MainTabController.swift in Sources */ = {isa = PBXBuildFile; fileRef = CE643D56282418EA003988A3 /* MainTabController.swift */; };
		CE643D5928241B22003988A3 /* FeedController.swift in Sources */ = {isa = PBXBuildFile; fileRef = CE643D5828241B22003988A3 /* FeedController.swift */; };
		CE643D5B28241B60003988A3 /* ExploreController.swift in Sources */ = {isa = PBXBuildFile; fileRef = CE643D5A28241B60003988A3 /* ExploreController.swift */; };
		CE643D5D28241B6B003988A3 /* NotificationsController.swift in Sources */ = {isa = PBXBuildFile; fileRef = CE643D5C28241B6B003988A3 /* NotificationsController.swift */; };
		CE643D5F28241B77003988A3 /* ConversationsController.swift in Sources */ = {isa = PBXBuildFile; fileRef = CE643D5E28241B77003988A3 /* ConversationsController.swift */; };
		CE643D6128242BE2003988A3 /* Extensions.swift in Sources */ = {isa = PBXBuildFile; fileRef = CE643D6028242BE2003988A3 /* Extensions.swift */; };
		CE7849D22827336500EC8F03 /* AuthService.swift in Sources */ = {isa = PBXBuildFile; fileRef = CE7849D12827336500EC8F03 /* AuthService.swift */; };
		CE955FD92829CF0500726413 /* UserService.swift in Sources */ = {isa = PBXBuildFile; fileRef = CE955FD82829CF0500726413 /* UserService.swift */; };
		CE955FDB2829D67D00726413 /* User.swift in Sources */ = {isa = PBXBuildFile; fileRef = CE955FDA2829D67D00726413 /* User.swift */; };
		CE955FDE2829DB5C00726413 /* SDWebImage in Frameworks */ = {isa = PBXBuildFile; productRef = CE955FDD2829DB5C00726413 /* SDWebImage */; };
		CE955FE0282B2AB900726413 /* UploadTweetController .swift in Sources */ = {isa = PBXBuildFile; fileRef = CE955FDF282B2AB900726413 /* UploadTweetController .swift */; };
		CE955FE2282B3FB600726413 /* CaptionTextView.swift in Sources */ = {isa = PBXBuildFile; fileRef = CE955FE1282B3FB600726413 /* CaptionTextView.swift */; };
		CED199B02824381400A29A2F /* App Structure.swift in Sources */ = {isa = PBXBuildFile; fileRef = CED199AF2824381400A29A2F /* App Structure.swift */; };
		CED199B3282439A000A29A2F /* LoginController.swift in Sources */ = {isa = PBXBuildFile; fileRef = CED199B2282439A000A29A2F /* LoginController.swift */; };
		CED199B528243A7700A29A2F /* RegistrationController.swift in Sources */ = {isa = PBXBuildFile; fileRef = CED199B428243A7700A29A2F /* RegistrationController.swift */; };
		CED199B7282443A500A29A2F /* Utilities.swift in Sources */ = {isa = PBXBuildFile; fileRef = CED199B6282443A500A29A2F /* Utilities.swift */; };
		CED199B92827051500A29A2F /* GoogleService-Info.plist in Resources */ = {isa = PBXBuildFile; fileRef = CED199B82827051500A29A2F /* GoogleService-Info.plist */; };
		CED199BE282705AC00A29A2F /* FirebaseAuth in Frameworks */ = {isa = PBXBuildFile; productRef = CED199BD282705AC00A29A2F /* FirebaseAuth */; };
		CED199C0282705AC00A29A2F /* FirebaseDatabase in Frameworks */ = {isa = PBXBuildFile; productRef = CED199BF282705AC00A29A2F /* FirebaseDatabase */; };
		CED199C2282705AC00A29A2F /* FirebaseFirestore in Frameworks */ = {isa = PBXBuildFile; productRef = CED199C1282705AC00A29A2F /* FirebaseFirestore */; };
		CED199C4282705AC00A29A2F /* FirebaseStorage in Frameworks */ = {isa = PBXBuildFile; productRef = CED199C3282705AC00A29A2F /* FirebaseStorage */; };
		CED199C628270EBF00A29A2F /* Constants.swift in Sources */ = {isa = PBXBuildFile; fileRef = CED199C528270EBF00A29A2F /* Constants.swift */; };
/* End PBXBuildFile section */

/* Begin PBXFileReference section */
		CE46BAFD282B488300ACF098 /* TweetService.swift */ = {isa = PBXFileReference; lastKnownFileType = sourcecode.swift; path = TweetService.swift; sourceTree = "<group>"; };
		CE46BB0C282C695A00ACF098 /* Tweet.swift */ = {isa = PBXFileReference; lastKnownFileType = sourcecode.swift; path = Tweet.swift; sourceTree = "<group>"; };
		CE46BB0E282C737B00ACF098 /* TweetCell.swift */ = {isa = PBXFileReference; lastKnownFileType = sourcecode.swift; path = TweetCell.swift; sourceTree = "<group>"; };
		CE46BB81282F231700ACF098 /* TweetViewModel.swift */ = {isa = PBXFileReference; lastKnownFileType = sourcecode.swift; path = TweetViewModel.swift; sourceTree = "<group>"; };
		CE46BB83282F30F500ACF098 /* UserProfileController.swift */ = {isa = PBXFileReference; lastKnownFileType = sourcecode.swift; path = UserProfileController.swift; sourceTree = "<group>"; };
		CE643D2D2824176C003988A3 /* Twitter.app */ = {isa = PBXFileReference; explicitFileType = wrapper.application; includeInIndex = 0; path = Twitter.app; sourceTree = BUILT_PRODUCTS_DIR; };
		CE643D302824176C003988A3 /* AppDelegate.swift */ = {isa = PBXFileReference; lastKnownFileType = sourcecode.swift; path = AppDelegate.swift; sourceTree = "<group>"; };
		CE643D322824176C003988A3 /* SceneDelegate.swift */ = {isa = PBXFileReference; lastKnownFileType = sourcecode.swift; path = SceneDelegate.swift; sourceTree = "<group>"; };
		CE643D392824176E003988A3 /* Assets.xcassets */ = {isa = PBXFileReference; lastKnownFileType = folder.assetcatalog; path = Assets.xcassets; sourceTree = "<group>"; };
		CE643D3C2824176E003988A3 /* Base */ = {isa = PBXFileReference; lastKnownFileType = file.storyboard; name = Base; path = Base.lproj/LaunchScreen.storyboard; sourceTree = "<group>"; };
		CE643D3E2824176E003988A3 /* Info.plist */ = {isa = PBXFileReference; lastKnownFileType = text.plist.xml; path = Info.plist; sourceTree = "<group>"; };
		CE643D56282418EA003988A3 /* MainTabController.swift */ = {isa = PBXFileReference; lastKnownFileType = sourcecode.swift; path = MainTabController.swift; sourceTree = "<group>"; };
		CE643D5828241B22003988A3 /* FeedController.swift */ = {isa = PBXFileReference; lastKnownFileType = sourcecode.swift; path = FeedController.swift; sourceTree = "<group>"; };
		CE643D5A28241B60003988A3 /* ExploreController.swift */ = {isa = PBXFileReference; lastKnownFileType = sourcecode.swift; path = ExploreController.swift; sourceTree = "<group>"; };
		CE643D5C28241B6B003988A3 /* NotificationsController.swift */ = {isa = PBXFileReference; lastKnownFileType = sourcecode.swift; path = NotificationsController.swift; sourceTree = "<group>"; };
		CE643D5E28241B77003988A3 /* ConversationsController.swift */ = {isa = PBXFileReference; lastKnownFileType = sourcecode.swift; path = ConversationsController.swift; sourceTree = "<group>"; };
		CE643D6028242BE2003988A3 /* Extensions.swift */ = {isa = PBXFileReference; lastKnownFileType = sourcecode.swift; path = Extensions.swift; sourceTree = "<group>"; };
		CE7849D12827336500EC8F03 /* AuthService.swift */ = {isa = PBXFileReference; lastKnownFileType = sourcecode.swift; path = AuthService.swift; sourceTree = "<group>"; };
		CE955FD82829CF0500726413 /* UserService.swift */ = {isa = PBXFileReference; lastKnownFileType = sourcecode.swift; path = UserService.swift; sourceTree = "<group>"; };
		CE955FDA2829D67D00726413 /* User.swift */ = {isa = PBXFileReference; lastKnownFileType = sourcecode.swift; path = User.swift; sourceTree = "<group>"; };
		CE955FDF282B2AB900726413 /* UploadTweetController .swift */ = {isa = PBXFileReference; lastKnownFileType = sourcecode.swift; path = "UploadTweetController .swift"; sourceTree = "<group>"; };
		CE955FE1282B3FB600726413 /* CaptionTextView.swift */ = {isa = PBXFileReference; lastKnownFileType = sourcecode.swift; path = CaptionTextView.swift; sourceTree = "<group>"; };
		CED199AF2824381400A29A2F /* App Structure.swift */ = {isa = PBXFileReference; lastKnownFileType = sourcecode.swift; path = "App Structure.swift"; sourceTree = "<group>"; };
		CED199B2282439A000A29A2F /* LoginController.swift */ = {isa = PBXFileReference; lastKnownFileType = sourcecode.swift; path = LoginController.swift; sourceTree = "<group>"; };
		CED199B428243A7700A29A2F /* RegistrationController.swift */ = {isa = PBXFileReference; lastKnownFileType = sourcecode.swift; path = RegistrationController.swift; sourceTree = "<group>"; };
		CED199B6282443A500A29A2F /* Utilities.swift */ = {isa = PBXFileReference; lastKnownFileType = sourcecode.swift; path = Utilities.swift; sourceTree = "<group>"; };
		CED199B82827051500A29A2F /* GoogleService-Info.plist */ = {isa = PBXFileReference; fileEncoding = 4; lastKnownFileType = text.plist.xml; path = "GoogleService-Info.plist"; sourceTree = "<group>"; };
		CED199C528270EBF00A29A2F /* Constants.swift */ = {isa = PBXFileReference; lastKnownFileType = sourcecode.swift; path = Constants.swift; sourceTree = "<group>"; };
/* End PBXFileReference section */

/* Begin PBXFrameworksBuildPhase section */
		CE643D2A2824176C003988A3 /* Frameworks */ = {
			isa = PBXFrameworksBuildPhase;
			buildActionMask = 2147483647;
			files = (
				CE955FDE2829DB5C00726413 /* SDWebImage in Frameworks */,
				CED199C0282705AC00A29A2F /* FirebaseDatabase in Frameworks */,
				CED199C2282705AC00A29A2F /* FirebaseFirestore in Frameworks */,
				CE46BB08282B497E00ACF098 /* FirebaseFirestore in Frameworks */,
				CE46BB01282B494400ACF098 /* SDWebImage in Frameworks */,
				CED199C4282705AC00A29A2F /* FirebaseStorage in Frameworks */,
				CE46BB06282B497E00ACF098 /* FirebaseDatabase in Frameworks */,
				CE46BB0A282B497E00ACF098 /* FirebaseStorage in Frameworks */,
				CED199BE282705AC00A29A2F /* FirebaseAuth in Frameworks */,
				CE46BB04282B497E00ACF098 /* FirebaseAuth in Frameworks */,
			);
			runOnlyForDeploymentPostprocessing = 0;
		};
/* End PBXFrameworksBuildPhase section */

/* Begin PBXGroup section */
		CE46BB0B282B63ED00ACF098 /* View Model */ = {
			isa = PBXGroup;
			children = (
				CE46BB81282F231700ACF098 /* TweetViewModel.swift */,
			);
			path = "View Model";
			sourceTree = "<group>";
		};
		CE643D242824176C003988A3 = {
			isa = PBXGroup;
			children = (
				CE643D2F2824176C003988A3 /* Twitter */,
				CE643D2E2824176C003988A3 /* Products */,
			);
			sourceTree = "<group>";
		};
		CE643D2E2824176C003988A3 /* Products */ = {
			isa = PBXGroup;
			children = (
				CE643D2D2824176C003988A3 /* Twitter.app */,
			);
			name = Products;
			sourceTree = "<group>";
		};
		CE643D2F2824176C003988A3 /* Twitter */ = {
			isa = PBXGroup;
			children = (
				CE643D302824176C003988A3 /* AppDelegate.swift */,
				CE643D322824176C003988A3 /* SceneDelegate.swift */,
				CE46BB0B282B63ED00ACF098 /* View Model */,
				CE643D47282417A8003988A3 /* Model */,
				CE643D49282417BB003988A3 /* View */,
				CE643D4F282417C6003988A3 /* Controller */,
				CE643D54282417D8003988A3 /* API */,
				CE643D552824180E003988A3 /* Utils */,
				CE643D392824176E003988A3 /* Assets.xcassets */,
				CED199B82827051500A29A2F /* GoogleService-Info.plist */,
				CE643D3B2824176E003988A3 /* LaunchScreen.storyboard */,
				CE643D3E2824176E003988A3 /* Info.plist */,
			);
			path = Twitter;
			sourceTree = "<group>";
		};
		CE643D47282417A8003988A3 /* Model */ = {
			isa = PBXGroup;
			children = (
				CE955FDA2829D67D00726413 /* User.swift */,
				CE46BB0C282C695A00ACF098 /* Tweet.swift */,
			);
			path = Model;
			sourceTree = "<group>";
		};
		CE643D49282417BB003988A3 /* View */ = {
			isa = PBXGroup;
			children = (
				CE955FE1282B3FB600726413 /* CaptionTextView.swift */,
				CE46BB0E282C737B00ACF098 /* TweetCell.swift */,
			);
			path = View;
			sourceTree = "<group>";
		};
		CE643D4F282417C6003988A3 /* Controller */ = {
			isa = PBXGroup;
			children = (
				CED199B12824397800A29A2F /* Authentication */,
				CE643D56282418EA003988A3 /* MainTabController.swift */,
				CE643D5828241B22003988A3 /* FeedController.swift */,
				CE955FDF282B2AB900726413 /* UploadTweetController .swift */,
				CE643D5A28241B60003988A3 /* ExploreController.swift */,
				CE643D5C28241B6B003988A3 /* NotificationsController.swift */,
				CE643D5E28241B77003988A3 /* ConversationsController.swift */,
				CE46BB83282F30F500ACF098 /* UserProfileController.swift */,
			);
			path = Controller;
			sourceTree = "<group>";
		};
		CE643D54282417D8003988A3 /* API */ = {
			isa = PBXGroup;
			children = (
				CE7849D12827336500EC8F03 /* AuthService.swift */,
				CE46BAFD282B488300ACF098 /* TweetService.swift */,
				CE955FD82829CF0500726413 /* UserService.swift */,
			);
			path = API;
			sourceTree = "<group>";
		};
		CE643D552824180E003988A3 /* Utils */ = {
			isa = PBXGroup;
			children = (
				CED199AF2824381400A29A2F /* App Structure.swift */,
				CED199C528270EBF00A29A2F /* Constants.swift */,
				CE643D6028242BE2003988A3 /* Extensions.swift */,
				CED199B6282443A500A29A2F /* Utilities.swift */,
			);
			path = Utils;
			sourceTree = "<group>";
		};
		CED199B12824397800A29A2F /* Authentication */ = {
			isa = PBXGroup;
			children = (
				CED199B2282439A000A29A2F /* LoginController.swift */,
				CED199B428243A7700A29A2F /* RegistrationController.swift */,
			);
			path = Authentication;
			sourceTree = "<group>";
		};
/* End PBXGroup section */

/* Begin PBXNativeTarget section */
		CE643D2C2824176C003988A3 /* Twitter */ = {
			isa = PBXNativeTarget;
			buildConfigurationList = CE643D412824176E003988A3 /* Build configuration list for PBXNativeTarget "Twitter" */;
			buildPhases = (
				CE643D292824176C003988A3 /* Sources */,
				CE643D2A2824176C003988A3 /* Frameworks */,
				CE643D2B2824176C003988A3 /* Resources */,
			);
			buildRules = (
			);
			dependencies = (
			);
			name = Twitter;
			packageProductDependencies = (
				CED199BD282705AC00A29A2F /* FirebaseAuth */,
				CED199BF282705AC00A29A2F /* FirebaseDatabase */,
				CED199C1282705AC00A29A2F /* FirebaseFirestore */,
				CED199C3282705AC00A29A2F /* FirebaseStorage */,
				CE955FDD2829DB5C00726413 /* SDWebImage */,
				CE46BB00282B494400ACF098 /* SDWebImage */,
				CE46BB03282B497E00ACF098 /* FirebaseAuth */,
				CE46BB05282B497E00ACF098 /* FirebaseDatabase */,
				CE46BB07282B497E00ACF098 /* FirebaseFirestore */,
				CE46BB09282B497E00ACF098 /* FirebaseStorage */,
			);
			productName = Twitter;
			productReference = CE643D2D2824176C003988A3 /* Twitter.app */;
			productType = "com.apple.product-type.application";
		};
/* End PBXNativeTarget section */

/* Begin PBXProject section */
		CE643D252824176C003988A3 /* Project object */ = {
			isa = PBXProject;
			attributes = {
				BuildIndependentTargetsInParallel = 1;
				LastSwiftUpdateCheck = 1330;
				LastUpgradeCheck = 1330;
				TargetAttributes = {
					CE643D2C2824176C003988A3 = {
						CreatedOnToolsVersion = 13.3.1;
					};
				};
			};
			buildConfigurationList = CE643D282824176C003988A3 /* Build configuration list for PBXProject "Twitter" */;
			compatibilityVersion = "Xcode 13.0";
			developmentRegion = en;
			hasScannedForEncodings = 0;
			knownRegions = (
				en,
				Base,
			);
			mainGroup = CE643D242824176C003988A3;
			packageReferences = (
				CED199BA282705AC00A29A2F /* XCRemoteSwiftPackageReference "firebase-ios-sdk" */,
				CE955FDC2829DB5C00726413 /* XCRemoteSwiftPackageReference "SDWebImage" */,
				CE46BAFF282B494300ACF098 /* XCRemoteSwiftPackageReference "SDWebImage" */,
				CE46BB02282B497E00ACF098 /* XCRemoteSwiftPackageReference "firebase-ios-sdk" */,
			);
			productRefGroup = CE643D2E2824176C003988A3 /* Products */;
			projectDirPath = "";
			projectRoot = "";
			targets = (
				CE643D2C2824176C003988A3 /* Twitter */,
			);
		};
/* End PBXProject section */

/* Begin PBXResourcesBuildPhase section */
		CE643D2B2824176C003988A3 /* Resources */ = {
			isa = PBXResourcesBuildPhase;
			buildActionMask = 2147483647;
			files = (
				CE643D3D2824176E003988A3 /* LaunchScreen.storyboard in Resources */,
				CE643D3A2824176E003988A3 /* Assets.xcassets in Resources */,
				CED199B92827051500A29A2F /* GoogleService-Info.plist in Resources */,
			);
			runOnlyForDeploymentPostprocessing = 0;
		};
/* End PBXResourcesBuildPhase section */

/* Begin PBXSourcesBuildPhase section */
		CE643D292824176C003988A3 /* Sources */ = {
			isa = PBXSourcesBuildPhase;
			buildActionMask = 2147483647;
			files = (
				CE643D5D28241B6B003988A3 /* NotificationsController.swift in Sources */,
				CE46BB84282F30F600ACF098 /* UserProfileController.swift in Sources */,
				CE46BAFE282B488300ACF098 /* TweetService.swift in Sources */,
				CE643D5F28241B77003988A3 /* ConversationsController.swift in Sources */,
				CE643D312824176C003988A3 /* AppDelegate.swift in Sources */,
				CE643D6128242BE2003988A3 /* Extensions.swift in Sources */,
				CE955FDB2829D67D00726413 /* User.swift in Sources */,
				CE643D5B28241B60003988A3 /* ExploreController.swift in Sources */,
				CE955FE2282B3FB600726413 /* CaptionTextView.swift in Sources */,
				CE643D332824176C003988A3 /* SceneDelegate.swift in Sources */,
				CED199B7282443A500A29A2F /* Utilities.swift in Sources */,
				CED199C628270EBF00A29A2F /* Constants.swift in Sources */,
				CE46BB0D282C695A00ACF098 /* Tweet.swift in Sources */,
				CE46BB82282F231700ACF098 /* TweetViewModel.swift in Sources */,
				CED199B528243A7700A29A2F /* RegistrationController.swift in Sources */,
				CE955FE0282B2AB900726413 /* UploadTweetController .swift in Sources */,
				CE643D57282418EA003988A3 /* MainTabController.swift in Sources */,
				CE46BB0F282C737B00ACF098 /* TweetCell.swift in Sources */,
				CE643D5928241B22003988A3 /* FeedController.swift in Sources */,
				CE955FD92829CF0500726413 /* UserService.swift in Sources */,
				CED199B02824381400A29A2F /* App Structure.swift in Sources */,
				CED199B3282439A000A29A2F /* LoginController.swift in Sources */,
				CE7849D22827336500EC8F03 /* AuthService.swift in Sources */,
			);
			runOnlyForDeploymentPostprocessing = 0;
		};
/* End PBXSourcesBuildPhase section */

/* Begin PBXVariantGroup section */
		CE643D3B2824176E003988A3 /* LaunchScreen.storyboard */ = {
			isa = PBXVariantGroup;
			children = (
				CE643D3C2824176E003988A3 /* Base */,
			);
			name = LaunchScreen.storyboard;
			sourceTree = "<group>";
		};
/* End PBXVariantGroup section */

/* Begin XCBuildConfiguration section */
		CE643D3F2824176E003988A3 /* Debug */ = {
			isa = XCBuildConfiguration;
			buildSettings = {
				ALWAYS_SEARCH_USER_PATHS = NO;
				CLANG_ANALYZER_NONNULL = YES;
				CLANG_ANALYZER_NUMBER_OBJECT_CONVERSION = YES_AGGRESSIVE;
				CLANG_CXX_LANGUAGE_STANDARD = "gnu++17";
				CLANG_ENABLE_MODULES = YES;
				CLANG_ENABLE_OBJC_ARC = YES;
				CLANG_ENABLE_OBJC_WEAK = YES;
				CLANG_WARN_BLOCK_CAPTURE_AUTORELEASING = YES;
				CLANG_WARN_BOOL_CONVERSION = YES;
				CLANG_WARN_COMMA = YES;
				CLANG_WARN_CONSTANT_CONVERSION = YES;
				CLANG_WARN_DEPRECATED_OBJC_IMPLEMENTATIONS = YES;
				CLANG_WARN_DIRECT_OBJC_ISA_USAGE = YES_ERROR;
				CLANG_WARN_DOCUMENTATION_COMMENTS = YES;
				CLANG_WARN_EMPTY_BODY = YES;
				CLANG_WARN_ENUM_CONVERSION = YES;
				CLANG_WARN_INFINITE_RECURSION = YES;
				CLANG_WARN_INT_CONVERSION = YES;
				CLANG_WARN_NON_LITERAL_NULL_CONVERSION = YES;
				CLANG_WARN_OBJC_IMPLICIT_RETAIN_SELF = YES;
				CLANG_WARN_OBJC_LITERAL_CONVERSION = YES;
				CLANG_WARN_OBJC_ROOT_CLASS = YES_ERROR;
				CLANG_WARN_QUOTED_INCLUDE_IN_FRAMEWORK_HEADER = YES;
				CLANG_WARN_RANGE_LOOP_ANALYSIS = YES;
				CLANG_WARN_STRICT_PROTOTYPES = YES;
				CLANG_WARN_SUSPICIOUS_MOVE = YES;
				CLANG_WARN_UNGUARDED_AVAILABILITY = YES_AGGRESSIVE;
				CLANG_WARN_UNREACHABLE_CODE = YES;
				CLANG_WARN__DUPLICATE_METHOD_MATCH = YES;
				COPY_PHASE_STRIP = NO;
				DEBUG_INFORMATION_FORMAT = dwarf;
				ENABLE_STRICT_OBJC_MSGSEND = YES;
				ENABLE_TESTABILITY = YES;
				GCC_C_LANGUAGE_STANDARD = gnu11;
				GCC_DYNAMIC_NO_PIC = NO;
				GCC_NO_COMMON_BLOCKS = YES;
				GCC_OPTIMIZATION_LEVEL = 0;
				GCC_PREPROCESSOR_DEFINITIONS = (
					"DEBUG=1",
					"$(inherited)",
				);
				GCC_WARN_64_TO_32_BIT_CONVERSION = YES;
				GCC_WARN_ABOUT_RETURN_TYPE = YES_ERROR;
				GCC_WARN_UNDECLARED_SELECTOR = YES;
				GCC_WARN_UNINITIALIZED_AUTOS = YES_AGGRESSIVE;
				GCC_WARN_UNUSED_FUNCTION = YES;
				GCC_WARN_UNUSED_VARIABLE = YES;
				IPHONEOS_DEPLOYMENT_TARGET = 15.4;
				MTL_ENABLE_DEBUG_INFO = INCLUDE_SOURCE;
				MTL_FAST_MATH = YES;
				ONLY_ACTIVE_ARCH = YES;
				SDKROOT = iphoneos;
				SWIFT_ACTIVE_COMPILATION_CONDITIONS = DEBUG;
				SWIFT_OPTIMIZATION_LEVEL = "-Onone";
			};
			name = Debug;
		};
		CE643D402824176E003988A3 /* Release */ = {
			isa = XCBuildConfiguration;
			buildSettings = {
				ALWAYS_SEARCH_USER_PATHS = NO;
				CLANG_ANALYZER_NONNULL = YES;
				CLANG_ANALYZER_NUMBER_OBJECT_CONVERSION = YES_AGGRESSIVE;
				CLANG_CXX_LANGUAGE_STANDARD = "gnu++17";
				CLANG_ENABLE_MODULES = YES;
				CLANG_ENABLE_OBJC_ARC = YES;
				CLANG_ENABLE_OBJC_WEAK = YES;
				CLANG_WARN_BLOCK_CAPTURE_AUTORELEASING = YES;
				CLANG_WARN_BOOL_CONVERSION = YES;
				CLANG_WARN_COMMA = YES;
				CLANG_WARN_CONSTANT_CONVERSION = YES;
				CLANG_WARN_DEPRECATED_OBJC_IMPLEMENTATIONS = YES;
				CLANG_WARN_DIRECT_OBJC_ISA_USAGE = YES_ERROR;
				CLANG_WARN_DOCUMENTATION_COMMENTS = YES;
				CLANG_WARN_EMPTY_BODY = YES;
				CLANG_WARN_ENUM_CONVERSION = YES;
				CLANG_WARN_INFINITE_RECURSION = YES;
				CLANG_WARN_INT_CONVERSION = YES;
				CLANG_WARN_NON_LITERAL_NULL_CONVERSION = YES;
				CLANG_WARN_OBJC_IMPLICIT_RETAIN_SELF = YES;
				CLANG_WARN_OBJC_LITERAL_CONVERSION = YES;
				CLANG_WARN_OBJC_ROOT_CLASS = YES_ERROR;
				CLANG_WARN_QUOTED_INCLUDE_IN_FRAMEWORK_HEADER = YES;
				CLANG_WARN_RANGE_LOOP_ANALYSIS = YES;
				CLANG_WARN_STRICT_PROTOTYPES = YES;
				CLANG_WARN_SUSPICIOUS_MOVE = YES;
				CLANG_WARN_UNGUARDED_AVAILABILITY = YES_AGGRESSIVE;
				CLANG_WARN_UNREACHABLE_CODE = YES;
				CLANG_WARN__DUPLICATE_METHOD_MATCH = YES;
				COPY_PHASE_STRIP = NO;
				DEBUG_INFORMATION_FORMAT = "dwarf-with-dsym";
				ENABLE_NS_ASSERTIONS = NO;
				ENABLE_STRICT_OBJC_MSGSEND = YES;
				GCC_C_LANGUAGE_STANDARD = gnu11;
				GCC_NO_COMMON_BLOCKS = YES;
				GCC_WARN_64_TO_32_BIT_CONVERSION = YES;
				GCC_WARN_ABOUT_RETURN_TYPE = YES_ERROR;
				GCC_WARN_UNDECLARED_SELECTOR = YES;
				GCC_WARN_UNINITIALIZED_AUTOS = YES_AGGRESSIVE;
				GCC_WARN_UNUSED_FUNCTION = YES;
				GCC_WARN_UNUSED_VARIABLE = YES;
				IPHONEOS_DEPLOYMENT_TARGET = 15.4;
				MTL_ENABLE_DEBUG_INFO = NO;
				MTL_FAST_MATH = YES;
				SDKROOT = iphoneos;
				SWIFT_COMPILATION_MODE = wholemodule;
				SWIFT_OPTIMIZATION_LEVEL = "-O";
				VALIDATE_PRODUCT = YES;
			};
			name = Release;
		};
		CE643D422824176E003988A3 /* Debug */ = {
			isa = XCBuildConfiguration;
			buildSettings = {
				ASSETCATALOG_COMPILER_APPICON_NAME = AppIcon;
				ASSETCATALOG_COMPILER_GLOBAL_ACCENT_COLOR_NAME = AccentColor;
				CODE_SIGN_STYLE = Automatic;
				CURRENT_PROJECT_VERSION = 1;
				DEVELOPMENT_TEAM = U43K5UN843;
				GENERATE_INFOPLIST_FILE = YES;
				INFOPLIST_FILE = Twitter/Info.plist;
				INFOPLIST_KEY_UIApplicationSupportsIndirectInputEvents = YES;
				INFOPLIST_KEY_UILaunchStoryboardName = LaunchScreen;
				INFOPLIST_KEY_UISupportedInterfaceOrientations = UIInterfaceOrientationPortrait;
				INFOPLIST_KEY_UISupportedInterfaceOrientations_iPad = "UIInterfaceOrientationPortrait UIInterfaceOrientationPortraitUpsideDown UIInterfaceOrientationLandscapeLeft UIInterfaceOrientationLandscapeRight";
				INFOPLIST_KEY_UISupportedInterfaceOrientations_iPhone = "UIInterfaceOrientationPortrait UIInterfaceOrientationLandscapeLeft UIInterfaceOrientationLandscapeRight";
				INFOPLIST_KEY_UIUserInterfaceStyle = UIUserInterfaceStyleLight;
				IPHONEOS_DEPLOYMENT_TARGET = 13.0;
				LD_RUNPATH_SEARCH_PATHS = (
					"$(inherited)",
					"@executable_path/Frameworks",
				);
				MARKETING_VERSION = 1.0;
				PRODUCT_BUNDLE_IDENTIFIER = com.boringlocation.Twitter;
				PRODUCT_NAME = "$(TARGET_NAME)";
				SWIFT_EMIT_LOC_STRINGS = YES;
				SWIFT_VERSION = 5.0;
				TARGETED_DEVICE_FAMILY = 1;
			};
			name = Debug;
		};
		CE643D432824176E003988A3 /* Release */ = {
			isa = XCBuildConfiguration;
			buildSettings = {
				ASSETCATALOG_COMPILER_APPICON_NAME = AppIcon;
				ASSETCATALOG_COMPILER_GLOBAL_ACCENT_COLOR_NAME = AccentColor;
				CODE_SIGN_STYLE = Automatic;
				CURRENT_PROJECT_VERSION = 1;
				DEVELOPMENT_TEAM = U43K5UN843;
				GENERATE_INFOPLIST_FILE = YES;
				INFOPLIST_FILE = Twitter/Info.plist;
				INFOPLIST_KEY_UIApplicationSupportsIndirectInputEvents = YES;
				INFOPLIST_KEY_UILaunchStoryboardName = LaunchScreen;
				INFOPLIST_KEY_UISupportedInterfaceOrientations = UIInterfaceOrientationPortrait;
				INFOPLIST_KEY_UISupportedInterfaceOrientations_iPad = "UIInterfaceOrientationPortrait UIInterfaceOrientationPortraitUpsideDown UIInterfaceOrientationLandscapeLeft UIInterfaceOrientationLandscapeRight";
				INFOPLIST_KEY_UISupportedInterfaceOrientations_iPhone = "UIInterfaceOrientationPortrait UIInterfaceOrientationLandscapeLeft UIInterfaceOrientationLandscapeRight";
				INFOPLIST_KEY_UIUserInterfaceStyle = UIUserInterfaceStyleLight;
				IPHONEOS_DEPLOYMENT_TARGET = 13.0;
				LD_RUNPATH_SEARCH_PATHS = (
					"$(inherited)",
					"@executable_path/Frameworks",
				);
				MARKETING_VERSION = 1.0;
				PRODUCT_BUNDLE_IDENTIFIER = com.boringlocation.Twitter;
				PRODUCT_NAME = "$(TARGET_NAME)";
				SWIFT_EMIT_LOC_STRINGS = YES;
				SWIFT_VERSION = 5.0;
				TARGETED_DEVICE_FAMILY = 1;
			};
			name = Release;
		};
/* End XCBuildConfiguration section */

/* Begin XCConfigurationList section */
		CE643D282824176C003988A3 /* Build configuration list for PBXProject "Twitter" */ = {
			isa = XCConfigurationList;
			buildConfigurations = (
				CE643D3F2824176E003988A3 /* Debug */,
				CE643D402824176E003988A3 /* Release */,
			);
			defaultConfigurationIsVisible = 0;
			defaultConfigurationName = Release;
		};
		CE643D412824176E003988A3 /* Build configuration list for PBXNativeTarget "Twitter" */ = {
			isa = XCConfigurationList;
			buildConfigurations = (
				CE643D422824176E003988A3 /* Debug */,
				CE643D432824176E003988A3 /* Release */,
			);
			defaultConfigurationIsVisible = 0;
			defaultConfigurationName = Release;
		};
/* End XCConfigurationList section */

/* Begin XCRemoteSwiftPackageReference section */
		CE46BAFF282B494300ACF098 /* XCRemoteSwiftPackageReference "SDWebImage" */ = {
			isa = XCRemoteSwiftPackageReference;
			repositoryURL = "https://github.com/SDWebImage/SDWebImage.git";
			requirement = {
				kind = upToNextMajorVersion;
				minimumVersion = 5.0.0;
			};
		};
		CE46BB02282B497E00ACF098 /* XCRemoteSwiftPackageReference "firebase-ios-sdk" */ = {
			isa = XCRemoteSwiftPackageReference;
			repositoryURL = "https://github.com/firebase/firebase-ios-sdk";
			requirement = {
				kind = upToNextMajorVersion;
				minimumVersion = 9.0.0;
			};
		};
		CE955FDC2829DB5C00726413 /* XCRemoteSwiftPackageReference "SDWebImage" */ = {
			isa = XCRemoteSwiftPackageReference;
			repositoryURL = "https://github.com/SDWebImage/SDWebImage.git";
			requirement = {
				kind = upToNextMajorVersion;
				minimumVersion = 5.0.0;
			};
		};
		CED199BA282705AC00A29A2F /* XCRemoteSwiftPackageReference "firebase-ios-sdk" */ = {
			isa = XCRemoteSwiftPackageReference;
			repositoryURL = "https://github.com/firebase/firebase-ios-sdk";
			requirement = {
				kind = upToNextMajorVersion;
				minimumVersion = 9.0.0;
			};
		};
/* End XCRemoteSwiftPackageReference section */

/* Begin XCSwiftPackageProductDependency section */
		CE46BB00282B494400ACF098 /* SDWebImage */ = {
			isa = XCSwiftPackageProductDependency;
			package = CE955FDC2829DB5C00726413 /* XCRemoteSwiftPackageReference "SDWebImage" */;
			productName = SDWebImage;
		};
		CE46BB03282B497E00ACF098 /* FirebaseAuth */ = {
			isa = XCSwiftPackageProductDependency;
			package = CED199BA282705AC00A29A2F /* XCRemoteSwiftPackageReference "firebase-ios-sdk" */;
			productName = FirebaseAuth;
		};
		CE46BB05282B497E00ACF098 /* FirebaseDatabase */ = {
			isa = XCSwiftPackageProductDependency;
			package = CED199BA282705AC00A29A2F /* XCRemoteSwiftPackageReference "firebase-ios-sdk" */;
			productName = FirebaseDatabase;
		};
		CE46BB07282B497E00ACF098 /* FirebaseFirestore */ = {
			isa = XCSwiftPackageProductDependency;
			package = CED199BA282705AC00A29A2F /* XCRemoteSwiftPackageReference "firebase-ios-sdk" */;
			productName = FirebaseFirestore;
		};
		CE46BB09282B497E00ACF098 /* FirebaseStorage */ = {
			isa = XCSwiftPackageProductDependency;
			package = CED199BA282705AC00A29A2F /* XCRemoteSwiftPackageReference "firebase-ios-sdk" */;
			productName = FirebaseStorage;
		};
		CE955FDD2829DB5C00726413 /* SDWebImage */ = {
			isa = XCSwiftPackageProductDependency;
			package = CE955FDC2829DB5C00726413 /* XCRemoteSwiftPackageReference "SDWebImage" */;
			productName = SDWebImage;
		};
		CED199BD282705AC00A29A2F /* FirebaseAuth */ = {
			isa = XCSwiftPackageProductDependency;
			package = CED199BA282705AC00A29A2F /* XCRemoteSwiftPackageReference "firebase-ios-sdk" */;
			productName = FirebaseAuth;
		};
		CED199BF282705AC00A29A2F /* FirebaseDatabase */ = {
			isa = XCSwiftPackageProductDependency;
			package = CED199BA282705AC00A29A2F /* XCRemoteSwiftPackageReference "firebase-ios-sdk" */;
			productName = FirebaseDatabase;
		};
		CED199C1282705AC00A29A2F /* FirebaseFirestore */ = {
			isa = XCSwiftPackageProductDependency;
			package = CED199BA282705AC00A29A2F /* XCRemoteSwiftPackageReference "firebase-ios-sdk" */;
			productName = FirebaseFirestore;
		};
		CED199C3282705AC00A29A2F /* FirebaseStorage */ = {
			isa = XCSwiftPackageProductDependency;
			package = CED199BA282705AC00A29A2F /* XCRemoteSwiftPackageReference "firebase-ios-sdk" */;
			productName = FirebaseStorage;
		};
/* End XCSwiftPackageProductDependency section */
	};
	rootObject = CE643D252824176C003988A3 /* Project object */;
}
